// !$*UTF8*$!
{
	archiveVersion = 1;
	classes = {
	};
	objectVersion = 46;
	objects = {

/* Begin PBXBuildFile section */
		F86F599F19DE1D350073C490 /* main.m in Sources */ = {isa = PBXBuildFile; fileRef = F86F599E19DE1D350073C490 /* main.m */; };
		F86F59A219DE1D350073C490 /* AppDelegate.m in Sources */ = {isa = PBXBuildFile; fileRef = F86F59A119DE1D350073C490 /* AppDelegate.m */; };
		F86F59A519DE1D350073C490 /* ViewController.m in Sources */ = {isa = PBXBuildFile; fileRef = F86F59A419DE1D350073C490 /* ViewController.m */; };
		F86F59A819DE1D350073C490 /* Main.storyboard in Resources */ = {isa = PBXBuildFile; fileRef = F86F59A619DE1D350073C490 /* Main.storyboard */; };
		F86F59AA19DE1D350073C490 /* Images.xcassets in Resources */ = {isa = PBXBuildFile; fileRef = F86F59A919DE1D350073C490 /* Images.xcassets */; };
		F86F59AD19DE1D350073C490 /* LaunchScreen.xib in Resources */ = {isa = PBXBuildFile; fileRef = F86F59AB19DE1D350073C490 /* LaunchScreen.xib */; };
		F86F59B919DE1D350073C490 /* barometerTests.m in Sources */ = {isa = PBXBuildFile; fileRef = F86F59B819DE1D350073C490 /* barometerTests.m */; };
/* End PBXBuildFile section */

/* Begin PBXContainerItemProxy section */
		F86F59B319DE1D350073C490 /* PBXContainerItemProxy */ = {
			isa = PBXContainerItemProxy;
			containerPortal = F86F599119DE1D350073C490 /* Project object */;
			proxyType = 1;
			remoteGlobalIDString = F86F599819DE1D350073C490;
			remoteInfo = barometer;
		};
/* End PBXContainerItemProxy section */

/* Begin PBXFileReference section */
		F86F599919DE1D350073C490 /* barometer.app */ = {isa = PBXFileReference; explicitFileType = wrapper.application; includeInIndex = 0; path = barometer.app; sourceTree = BUILT_PRODUCTS_DIR; };
		F86F599D19DE1D350073C490 /* Info.plist */ = {isa = PBXFileReference; lastKnownFileType = text.plist.xml; path = Info.plist; sourceTree = "<group>"; };
		F86F599E19DE1D350073C490 /* main.m */ = {isa = PBXFileReference; lastKnownFileType = sourcecode.c.objc; path = main.m; sourceTree = "<group>"; };
		F86F59A019DE1D350073C490 /* AppDelegate.h */ = {isa = PBXFileReference; lastKnownFileType = sourcecode.c.h; path = AppDelegate.h; sourceTree = "<group>"; };
		F86F59A119DE1D350073C490 /* AppDelegate.m */ = {isa = PBXFileReference; lastKnownFileType = sourcecode.c.objc; path = AppDelegate.m; sourceTree = "<group>"; };
		F86F59A319DE1D350073C490 /* ViewController.h */ = {isa = PBXFileReference; lastKnownFileType = sourcecode.c.h; path = ViewController.h; sourceTree = "<group>"; };
		F86F59A419DE1D350073C490 /* ViewController.m */ = {isa = PBXFileReference; lastKnownFileType = sourcecode.c.objc; path = ViewController.m; sourceTree = "<group>"; };
		F86F59A719DE1D350073C490 /* Base */ = {isa = PBXFileReference; lastKnownFileType = file.storyboard; name = Base; path = Base.lproj/Main.storyboard; sourceTree = "<group>"; };
		F86F59A919DE1D350073C490 /* Images.xcassets */ = {isa = PBXFileReference; lastKnownFileType = folder.assetcatalog; path = Images.xcassets; sourceTree = "<group>"; };
		F86F59AC19DE1D350073C490 /* Base */ = {isa = PBXFileReference; lastKnownFileType = file.xib; name = Base; path = Base.lproj/LaunchScreen.xib; sourceTree = "<group>"; };
		F86F59B219DE1D350073C490 /* barometerTests.xctest */ = {isa = PBXFileReference; explicitFileType = wrapper.cfbundle; includeInIndex = 0; path = barometerTests.xctest; sourceTree = BUILT_PRODUCTS_DIR; };
		F86F59B719DE1D350073C490 /* Info.plist */ = {isa = PBXFileReference; lastKnownFileType = text.plist.xml; path = Info.plist; sourceTree = "<group>"; };
		F86F59B819DE1D350073C490 /* barometerTests.m */ = {isa = PBXFileReference; lastKnownFileType = sourcecode.c.objc; path = barometerTests.m; sourceTree = "<group>"; };
/* End PBXFileReference section */

/* Begin PBXFrameworksBuildPhase section */
		F86F599619DE1D350073C490 /* Frameworks */ = {
			isa = PBXFrameworksBuildPhase;
			buildActionMask = 2147483647;
			files = (
			);
			runOnlyForDeploymentPostprocessing = 0;
		};
		F86F59AF19DE1D350073C490 /* Frameworks */ = {
			isa = PBXFrameworksBuildPhase;
			buildActionMask = 2147483647;
			files = (
			);
			runOnlyForDeploymentPostprocessing = 0;
		};
/* End PBXFrameworksBuildPhase section */

/* Begin PBXGroup section */
		F86F599019DE1D350073C490 = {
			isa = PBXGroup;
			children = (
				F86F599B19DE1D350073C490 /* barometer */,
				F86F59B519DE1D350073C490 /* barometerTests */,
				F86F599A19DE1D350073C490 /* Products */,
			);
			sourceTree = "<group>";
		};
		F86F599A19DE1D350073C490 /* Products */ = {
			isa = PBXGroup;
			children = (
				F86F599919DE1D350073C490 /* barometer.app */,
				F86F59B219DE1D350073C490 /* barometerTests.xctest */,
			);
			name = Products;
			sourceTree = "<group>";
		};
		F86F599B19DE1D350073C490 /* barometer */ = {
			isa = PBXGroup;
			children = (
				F86F59A019DE1D350073C490 /* AppDelegate.h */,
				F86F59A119DE1D350073C490 /* AppDelegate.m */,
				F86F59A319DE1D350073C490 /* ViewController.h */,
				F86F59A419DE1D350073C490 /* ViewController.m */,
				F86F59A619DE1D350073C490 /* Main.storyboard */,
				F86F59A919DE1D350073C490 /* Images.xcassets */,
				F86F59AB19DE1D350073C490 /* LaunchScreen.xib */,
				F86F599C19DE1D350073C490 /* Supporting Files */,
			);
			path = barometer;
			sourceTree = "<group>";
		};
		F86F599C19DE1D350073C490 /* Supporting Files */ = {
			isa = PBXGroup;
			children = (
				F86F599D19DE1D350073C490 /* Info.plist */,
				F86F599E19DE1D350073C490 /* main.m */,
			);
			name = "Supporting Files";
			sourceTree = "<group>";
		};
		F86F59B519DE1D350073C490 /* barometerTests */ = {
			isa = PBXGroup;
			children = (
				F86F59B819DE1D350073C490 /* barometerTests.m */,
				F86F59B619DE1D350073C490 /* Supporting Files */,
			);
			path = barometerTests;
			sourceTree = "<group>";
		};
		F86F59B619DE1D350073C490 /* Supporting Files */ = {
			isa = PBXGroup;
			children = (
				F86F59B719DE1D350073C490 /* Info.plist */,
			);
			name = "Supporting Files";
			sourceTree = "<group>";
		};
/* End PBXGroup section */

/* Begin PBXNativeTarget section */
		F86F599819DE1D350073C490 /* barometer */ = {
			isa = PBXNativeTarget;
			buildConfigurationList = F86F59BC19DE1D350073C490 /* Build configuration list for PBXNativeTarget "barometer" */;
			buildPhases = (
				F86F599519DE1D350073C490 /* Sources */,
				F86F599619DE1D350073C490 /* Frameworks */,
				F86F599719DE1D350073C490 /* Resources */,
			);
			buildRules = (
			);
			dependencies = (
			);
			name = barometer;
			productName = barometer;
			productReference = F86F599919DE1D350073C490 /* barometer.app */;
			productType = "com.apple.product-type.application";
		};
		F86F59B119DE1D350073C490 /* barometerTests */ = {
			isa = PBXNativeTarget;
			buildConfigurationList = F86F59BF19DE1D350073C490 /* Build configuration list for PBXNativeTarget "barometerTests" */;
			buildPhases = (
				F86F59AE19DE1D350073C490 /* Sources */,
				F86F59AF19DE1D350073C490 /* Frameworks */,
				F86F59B019DE1D350073C490 /* Resources */,
			);
			buildRules = (
			);
			dependencies = (
				F86F59B419DE1D350073C490 /* PBXTargetDependency */,
			);
			name = barometerTests;
			productName = barometerTests;
			productReference = F86F59B219DE1D350073C490 /* barometerTests.xctest */;
			productType = "com.apple.product-type.bundle.unit-test";
		};
/* End PBXNativeTarget section */

/* Begin PBXProject section */
		F86F599119DE1D350073C490 /* Project object */ = {
			isa = PBXProject;
			attributes = {
				LastUpgradeCheck = 0600;
				ORGANIZATIONNAME = "Akihiro Uehara";
				TargetAttributes = {
					F86F599819DE1D350073C490 = {
						CreatedOnToolsVersion = 6.0.1;
					};
					F86F59B119DE1D350073C490 = {
						CreatedOnToolsVersion = 6.0.1;
						TestTargetID = F86F599819DE1D350073C490;
					};
				};
			};
			buildConfigurationList = F86F599419DE1D350073C490 /* Build configuration list for PBXProject "barometer" */;
			compatibilityVersion = "Xcode 3.2";
			developmentRegion = English;
			hasScannedForEncodings = 0;
			knownRegions = (
				en,
				Base,
			);
			mainGroup = F86F599019DE1D350073C490;
			productRefGroup = F86F599A19DE1D350073C490 /* Products */;
			projectDirPath = "";
			projectRoot = "";
			targets = (
				F86F599819DE1D350073C490 /* barometer */,
				F86F59B119DE1D350073C490 /* barometerTests */,
			);
		};
/* End PBXProject section */

/* Begin PBXResourcesBuildPhase section */
		F86F599719DE1D350073C490 /* Resources */ = {
			isa = PBXResourcesBuildPhase;
			buildActionMask = 2147483647;
			files = (
				F86F59A819DE1D350073C490 /* Main.storyboard in Resources */,
				F86F59AD19DE1D350073C490 /* LaunchScreen.xib in Resources */,
				F86F59AA19DE1D350073C490 /* Images.xcassets in Resources */,
			);
			runOnlyForDeploymentPostprocessing = 0;
		};
		F86F59B019DE1D350073C490 /* Resources */ = {
			isa = PBXResourcesBuildPhase;
			buildActionMask = 2147483647;
			files = (
			);
			runOnlyForDeploymentPostprocessing = 0;
		};
/* End PBXResourcesBuildPhase section */

/* Begin PBXSourcesBuildPhase section */
		F86F599519DE1D350073C490 /* Sources */ = {
			isa = PBXSourcesBuildPhase;
			buildActionMask = 2147483647;
			files = (
				F86F59A519DE1D350073C490 /* ViewController.m in Sources */,
				F86F59A219DE1D350073C490 /* AppDelegate.m in Sources */,
				F86F599F19DE1D350073C490 /* main.m in Sources */,
			);
			runOnlyForDeploymentPostprocessing = 0;
		};
		F86F59AE19DE1D350073C490 /* Sources */ = {
			isa = PBXSourcesBuildPhase;
			buildActionMask = 2147483647;
			files = (
				F86F59B919DE1D350073C490 /* barometerTests.m in Sources */,
			);
			runOnlyForDeploymentPostprocessing = 0;
		};
/* End PBXSourcesBuildPhase section */

/* Begin PBXTargetDependency section */
		F86F59B419DE1D350073C490 /* PBXTargetDependency */ = {
			isa = PBXTargetDependency;
			target = F86F599819DE1D350073C490 /* barometer */;
			targetProxy = F86F59B319DE1D350073C490 /* PBXContainerItemProxy */;
		};
/* End PBXTargetDependency section */

/* Begin PBXVariantGroup section */
		F86F59A619DE1D350073C490 /* Main.storyboard */ = {
			isa = PBXVariantGroup;
			children = (
				F86F59A719DE1D350073C490 /* Base */,
			);
			name = Main.storyboard;
			sourceTree = "<group>";
		};
		F86F59AB19DE1D350073C490 /* LaunchScreen.xib */ = {
			isa = PBXVariantGroup;
			children = (
				F86F59AC19DE1D350073C490 /* Base */,
			);
			name = LaunchScreen.xib;
			sourceTree = "<group>";
		};
/* End PBXVariantGroup section */

/* Begin XCBuildConfiguration section */
		F86F59BA19DE1D350073C490 /* Debug */ = {
			isa = XCBuildConfiguration;
			buildSettings = {
				ALWAYS_SEARCH_USER_PATHS = NO;
				CLANG_CXX_LANGUAGE_STANDARD = "gnu++0x";
				CLANG_CXX_LIBRARY = "libc++";
				CLANG_ENABLE_MODULES = YES;
				CLANG_ENABLE_OBJC_ARC = YES;
				CLANG_WARN_BOOL_CONVERSION = YES;
				CLANG_WARN_CONSTANT_CONVERSION = YES;
				CLANG_WARN_DIRECT_OBJC_ISA_USAGE = YES_ERROR;
				CLANG_WARN_EMPTY_BODY = YES;
				CLANG_WARN_ENUM_CONVERSION = YES;
				CLANG_WARN_INT_CONVERSION = YES;
				CLANG_WARN_OBJC_ROOT_CLASS = YES_ERROR;
				CLANG_WARN_UNREACHABLE_CODE = YES;
				CLANG_WARN__DUPLICATE_METHOD_MATCH = YES;
				"CODE_SIGN_IDENTITY[sdk=iphoneos*]" = "iPhone Developer";
				COPY_PHASE_STRIP = NO;
				ENABLE_STRICT_OBJC_MSGSEND = YES;
				GCC_C_LANGUAGE_STANDARD = gnu99;
				GCC_DYNAMIC_NO_PIC = NO;
				GCC_OPTIMIZATION_LEVEL = 0;
				GCC_PREPROCESSOR_DEFINITIONS = (
					"DEBUG=1",
					"$(inherited)",
				);
				GCC_SYMBOLS_PRIVATE_EXTERN = NO;
				GCC_WARN_64_TO_32_BIT_CONVERSION = YES;
				GCC_WARN_ABOUT_RETURN_TYPE = YES_ERROR;
				GCC_WARN_UNDECLARED_SELECTOR = YES;
				GCC_WARN_UNINITIALIZED_AUTOS = YES_AGGRESSIVE;
				GCC_WARN_UNUSED_FUNCTION = YES;
				GCC_WARN_UNUSED_VARIABLE = YES;
				IPHONEOS_DEPLOYMENT_TARGET = 8.0;
				MTL_ENABLE_DEBUG_INFO = YES;
				ONLY_ACTIVE_ARCH = YES;
				SDKROOT = iphoneos;
			};
			name = Debug;
		};
		F86F59BB19DE1D350073C490 /* Release */ = {
			isa = XCBuildConfiguration;
			buildSettings = {
				ALWAYS_SEARCH_USER_PATHS = NO;
				CLANG_CXX_LANGUAGE_STANDARD = "gnu++0x";
				CLANG_CXX_LIBRARY = "libc++";
				CLANG_ENABLE_MODULES = YES;
				CLANG_ENABLE_OBJC_ARC = YES;
				CLANG_WARN_BOOL_CONVERSION = YES;
				CLANG_WARN_CONSTANT_CONVERSION = YES;
				CLANG_WARN_DIRECT_OBJC_ISA_USAGE = YES_ERROR;
				CLANG_WARN_EMPTY_BODY = YES;
				CLANG_WARN_ENUM_CONVERSION = YES;
				CLANG_WARN_INT_CONVERSION = YES;
				CLANG_WARN_OBJC_ROOT_CLASS = YES_ERROR;
				CLANG_WARN_UNREACHABLE_CODE = YES;
				CLANG_WARN__DUPLICATE_METHOD_MATCH = YES;
				"CODE_SIGN_IDENTITY[sdk=iphoneos*]" = "iPhone Developer";
				COPY_PHASE_STRIP = YES;
				ENABLE_NS_ASSERTIONS = NO;
				ENABLE_STRICT_OBJC_MSGSEND = YES;
				GCC_C_LANGUAGE_STANDARD = gnu99;
				GCC_WARN_64_TO_32_BIT_CONVERSION = YES;
				GCC_WARN_ABOUT_RETURN_TYPE = YES_ERROR;
				GCC_WARN_UNDECLARED_SELECTOR = YES;
				GCC_WARN_UNINITIALIZED_AUTOS = YES_AGGRESSIVE;
				GCC_WARN_UNUSED_FUNCTION = YES;
				GCC_WARN_UNUSED_VARIABLE = YES;
				IPHONEOS_DEPLOYMENT_TARGET = 8.0;
				MTL_ENABLE_DEBUG_INFO = NO;
				SDKROOT = iphoneos;
				VALIDATE_PRODUCT = YES;
			};
			name = Release;
		};
		F86F59BD19DE1D350073C490 /* Debug */ = {
			isa = XCBuildConfiguration;
			buildSettings = {
				ASSETCATALOG_COMPILER_APPICON_NAME = AppIcon;
				INFOPLIST_FILE = barometer/Info.plist;
				LD_RUNPATH_SEARCH_PATHS = "$(inherited) @executable_path/Frameworks";
				PRODUCT_NAME = "$(TARGET_NAME)";
			};
			name = Debug;
		};
		F86F59BE19DE1D350073C490 /* Release */ = {
			isa = XCBuildConfiguration;
			buildSettings = {
				ASSETCATALOG_COMPILER_APPICON_NAME = AppIcon;
				INFOPLIST_FILE = barometer/Info.plist;
				LD_RUNPATH_SEARCH_PATHS = "$(inherited) @executable_path/Frameworks";
				PRODUCT_NAME = "$(TARGET_NAME)";
			};
			name = Release;
		};
		F86F59C019DE1D350073C490 /* Debug */ = {
			isa = XCBuildConfiguration;
			buildSettings = {
				BUNDLE_LOADER = "$(TEST_HOST)";
				FRAMEWORK_SEARCH_PATHS = (
					"$(SDKROOT)/Developer/Library/Frameworks",
					"$(inherited)",
				);
				GCC_PREPROCESSOR_DEFINITIONS = (
					"DEBUG=1",
					"$(inherited)",
				);
				INFOPLIST_FILE = barometerTests/Info.plist;
				LD_RUNPATH_SEARCH_PATHS = "$(inherited) @executable_path/Frameworks @loader_path/Frameworks";
				PRODUCT_NAME = "$(TARGET_NAME)";
				TEST_HOST = "$(BUILT_PRODUCTS_DIR)/barometer.app/barometer";
			};
			name = Debug;
		};
		F86F59C119DE1D350073C490 /* Release */ = {
			isa = XCBuildConfiguration;
			buildSettings = {
				BUNDLE_LOADER = "$(TEST_HOST)";
				FRAMEWORK_SEARCH_PATHS = (
					"$(SDKROOT)/Developer/Library/Frameworks",
					"$(inherited)",
				);
				INFOPLIST_FILE = barometerTests/Info.plist;
				LD_RUNPATH_SEARCH_PATHS = "$(inherited) @executable_path/Frameworks @loader_path/Frameworks";
				PRODUCT_NAME = "$(TARGET_NAME)";
				TEST_HOST = "$(BUILT_PRODUCTS_DIR)/barometer.app/barometer";
			};
			name = Release;
		};
/* End XCBuildConfiguration section */

/* Begin XCConfigurationList section */
		F86F599419DE1D350073C490 /* Build configuration list for PBXProject "barometer" */ = {
			isa = XCConfigurationList;
			buildConfigurations = (
				F86F59BA19DE1D350073C490 /* Debug */,
				F86F59BB19DE1D350073C490 /* Release */,
			);
			defaultConfigurationIsVisible = 0;
			defaultConfigurationName = Release;
		};
		F86F59BC19DE1D350073C490 /* Build configuration list for PBXNativeTarget "barometer" */ = {
			isa = XCConfigurationList;
			buildConfigurations = (
				F86F59BD19DE1D350073C490 /* Debug */,
				F86F59BE19DE1D350073C490 /* Release */,
			);
			defaultConfigurationIsVisible = 0;
		};
		F86F59BF19DE1D350073C490 /* Build configuration list for PBXNativeTarget "barometerTests" */ = {
			isa = XCConfigurationList;
			buildConfigurations = (
				F86F59C019DE1D350073C490 /* Debug */,
				F86F59C119DE1D350073C490 /* Release */,
			);
			defaultConfigurationIsVisible = 0;
		};
/* End XCConfigurationList section */
	};
	rootObject = F86F599119DE1D350073C490 /* Project object */;
}
